github.com/codahale/hdrhistogram v0.0.0-20161010025455-3a0bb77429bd h1:qMd81Ts1T2OTKmB4acZcyKaMtRnY5Y44NuXGX2GFJ1w=
github.com/codahale/hdrhistogram v0.0.0-20161010025455-3a0bb77429bd/go.mod h1:sE/e/2PUdi/liOCUjSTXgM1o87ZssimdTWN964YiIeI=
github.com/dustin/go-humanize v0.0.0-20171111073723-bb3d318650d4 h1:qk/FSDDxo05wdJH28W+p5yivv7LuLYLRXPPD8KQCtZs=
github.com/dustin/go-humanize v0.0.0-20171111073723-bb3d318650d4/go.mod h1:HtrtbFcZ19U5GC7JDqmcUSB87Iq5E25KnS6fMYU6eOk=
github.com/golang/glog v0.0.0-20160126235308-23def4e6c14b h1:VKtxabqXZkF25pY9ekfRL6a582T4P37/31XEstQ5p58=
github.com/golang/glog v0.0.0-20160126235308-23def4e6c14b/go.mod h1:SBH7ygxi8pfUlaOkMMuAQtPIUF8ecWP5IEl/CR7VP2Q=
github.com/gonuts/flag v0.0.0-20130524081338-741a6cbd37a3 h1:2qYUaWRuzHoEtnYXrnzROVpc7IJwFgrOgzEt3Qcf/ww=
github.com/gonuts/flag v0.0.0-20130524081338-741a6cbd37a3/go.mod h1:ZTmTGtrSPejTo/SRNhCqwLTmiAgyBdCkLYhHrAoBdz4=
github.com/gorilla/rpc v1.1.0 h1:marKfvVP0Gpd/jHlVBKCQ8RAoUPdX7K1Nuh6l1BNh7A=
github.com/gorilla/rpc v1.1.0/go.mod h1:V4h9r+4sF5HnzqbwIez0fKSpANP0zlYd3qR7p36jkTQ=
github.com/jmhodges/levigo v0.0.0-20161115193449-c42d9e0ca023 h1:y5P5G9cANJZt3MXlMrgELo5mNLZPXH8aGFFFG7IzPU0=
github.com/jmhodges/levigo v0.0.0-20161115193449-c42d9e0ca023/go.mod h1:Q6Qx+uH3RAqyK4rFQroq9RL7mdkABMcfhEI+nNuzMJQ=
github.com/klauspost/compress v1.2.1 h1:z1Ra6IKoPtIeVA8GV0SCQhuo6T4EBjlL9VwonZ8NYBo=
github.com/klauspost/compress v1.2.1/go.mod h1:RyIbtBH6LamlWaDj8nUwkbUhJ87Yi3uG0guNDohfE1A=
github.com/klauspost/cpuid v0.0.0-20170728055534-ae7887de9fa5 h1:2U0HzY8BJ8hVwDKIzp7y4voR9CX/nvcfymLmg2UiOio=
github.com/klauspost/cpuid v0.0.0-20170728055534-ae7887de9fa5/go.mod h1:Pj4uuM528wm8OyEC2QMXAi2YiTZ96dNQPGgoMS4s3ek=
github.com/klauspost/crc32 v0.0.0-20161016154125-cb6bfca970f6 h1:KAZ1BW2TCmT6PRihDPpocIy1QTtsAsrx6TneU/4+CMg=
github.com/klauspost/crc32 v0.0.0-20161016154125-cb6bfca970f6/go.mod h1:+ZoRqAPRLkC4NPOvfYeR5KNOrY6TD+/sAC3HXPZgDYg=
github.com/scalingdata/gcfg v0.0.0-20140729183856-37aabad69cfd h1:MnPaf7qBisyWDx8WJzG+ZxddbkAQjLEGkh/cIcYTZB8=
github.com/scalingdata/gcfg v0.0.0-20140729183856-37aabad69cfd/go.mod h1:wj+QcgssQzVUY5cWM7g5SUSMR5m1anivfJ9GDvw+m4g=
github.com/spacemonkeygo/errors v0.0.0-20171212215202-9064522e9fd1 h1:xHQewZjohU9/wUsyC99navCjQDNHtTgUOM/J1jAbzfw=
github.com/spacemonkeygo/errors v0.0.0-20171212215202-9064522e9fd1/go.mod h1:7NL9UAYQnRM5iKHUCld3tf02fKb5Dft+41+VckASUy0=
github.com/uwedeportivo/commander v0.0.0-20140125225505-864bf82b82b3 h1:clfSMiuIIb4QMmY2YKSixhs6pJXqz9xSivF6HJVs0ZI=
github.com/uwedeportivo/commander v0.0.0-20140125225505-864bf82b82b3/go.mod h1:8PjmODIPV7ieyeTVU8Kg0ggATPnfXU8KM/taWyDNrLg=
github.com/uwedeportivo/lzmadec v0.0.0-20150722055128-4bc815c0eeb9 h1:OzfnHCn3mlThdRFA5k1QIB8lbADhXFI3rmye9KInSKA=
github.com/uwedeportivo/lzmadec v0.0.0-20150722055128-4bc815c0eeb9/go.mod h1:gRlLVtjqfUevrpNvfoZ7jL+s3C6eEUNmJaWRIx9biL8=
github.com/uwedeportivo/torrentzip v0.0.0-20150911003634-e6e2a6a16702 h1:wXIBLfba7VutGam/LtUR07izk2R7Pqj7YWyQq7mV5vo=
github.com/uwedeportivo/torrentzip v0.0.0-20150911003634-e6e2a6a16702/go.mod h1:STZ+W1JH2oDdU6+P+E7ibP1HONPdhTMOOESU3DwOSoM=
golang.org/x/net v0.0.0-20180404174746-b3c676e531a6 h1:mge3qS/eMvcfyIAzTMOAy0XUzWG6Lk0N4M8zjuSmdco=
golang.org/x/net v0.0.0-20180404174746-b3c676e531a6/go.mod h1:mL1N/T3taQHkDXs73rZJwtUhF3w3ftmwwsq0BUmARs4=
