# This file is autogenerated, do not edit; changes may be undone by the next 'dep ensure'.


[[projects]]
  branch = "master"
  digest = "1:4c4c33075b704791d6a7f09dfb55c66769e8a1dc6adf87026292d274fe8ad113"
  name = "github.com/codahale/hdrhistogram"
  packages = ["."]
  pruneopts = "UT"
  revision = "3a0bb77429bd3a61596f5e8a3172445844342120"

[[projects]]
  branch = "master"
  digest = "1:ee7fe6a68ba9f21bc748293d4e1e66ad327f64a89b0f5ba2d021430babd4b8c9"
  name = "github.com/dustin/go-humanize"
  packages = ["."]
  pruneopts = "UT"
  revision = "bb3d318650d48840a39aa21a027c6630e198e626"

[[projects]]
  branch = "master"
  digest = "1:1ba1d79f2810270045c328ae5d674321db34e3aae468eb4233883b473c5c0467"
  name = "github.com/golang/glog"
  packages = ["."]
  pruneopts = "UT"
  revision = "23def4e6c14b4da8ac2ed8007337bc5eb5007998"

[[projects]]
  branch = "master"
  digest = "1:35de43c59c061404e7cb5fa54659e7eb9aeb6f373aceb4c27a462f2bdd24fa24"
  name = "github.com/gonuts/flag"
  packages = ["."]
  pruneopts = "UT"
  revision = "741a6cbd37a30dedc93f817e7de6aaf0ca38a493"

[[projects]]
  digest = "1:9fe4b4f866007c9981c6c44c02d5533b1fb78ca408355eb64e767ef416eb9dfb"
  name = "github.com/gorilla/rpc"
  packages = [
    "v2",
    "v2/json2",
  ]
  pruneopts = "UT"
  revision = "22c016f3df3febe0c1f6727598b6389507e03a18"
  version = "v1.1.0"

[[projects]]
  branch = "master"
  digest = "1:39b27d1381a30421f9813967a5866fba35dc1d4df43a6eefe3b7a5444cb07214"
  name = "github.com/jmhodges/levigo"
  packages = ["."]
  pruneopts = "UT"
  revision = "c42d9e0ca023e2198120196f842701bb4c55d7b9"

[[projects]]
  digest = "1:1da1796a71eb70f1e3e085984d044f67840bb0326816ec8276231aa87b1b9fc3"
  name = "github.com/klauspost/compress"
  packages = [
    "flate",
    "gzip",
  ]
  pruneopts = "UT"
  revision = "6c8db69c4b49dd4df1fff66996cf556176d0b9bf"
  version = "v1.2.1"

[[projects]]
  digest = "1:4ea0668d490ca32a38366453a486e2e8c60fbdaf1f2607c96b4a093d8a5c8de7"
  name = "github.com/klauspost/cpuid"
  packages = ["."]
  pruneopts = "UT"
  revision = "ae7887de9fa5d2db4eaa8174a7eff2c1ac00f2da"
  version = "v1.1"

[[projects]]
  digest = "1:1e5bf9cae557702ebbd51a32a94b47e3d1a20b7637682be08da8cf62152ec781"
  name = "github.com/klauspost/crc32"
  packages = ["."]
  pruneopts = "UT"
  revision = "cb6bfca970f6908083f26f39a79009d608efd5cd"
  version = "v1.1"

[[projects]]
  branch = "master"
  digest = "1:3168c443e5efeaea9b6df3b720b243f25f3e4e4c683df565bcf52ca44a8b4409"
  name = "github.com/scalingdata/gcfg"
  packages = [
    ".",
    "scanner",
    "token",
    "types",
  ]
  pruneopts = "UT"
  revision = "37aabad69cfd3d20b8390d902a8b10e245c615ff"

[[projects]]
  branch = "master"
  digest = "1:a9386d3f4b5a819c7e806be3637a91089db42a07dfd0f90cd4395a88cf7b7642"
  name = "github.com/spacemonkeygo/errors"
  packages = ["."]
  pruneopts = "UT"
  revision = "9064522e9fd1cda39b0ea2484105af3c66410fb3"

[[projects]]
  branch = "master"
  digest = "1:9f8da9937db3e2973feb1b3ce138ce0825c8cf0c4e20be0ccfab5b677b2056e9"
  name = "github.com/uwedeportivo/commander"
  packages = ["."]
  pruneopts = "UT"
  revision = "864bf82b82b3cffe430e06051f58b943d7dd6fb9"

[[projects]]
  branch = "master"
  digest = "1:377f97193a06350d2d98a22e5e9d760db88a7fc7c20128f9aef77b7cf495be06"
  name = "github.com/uwedeportivo/lzmadec"
  packages = ["."]
  pruneopts = "UT"
  revision = "4bc815c0eeb9f603d66541e3ffcd15daa56253cf"

[[projects]]
  branch = "master"
  digest = "1:33c3202dc0c3dad95aa8360357ab722cbf62ab5a000b9e89c2bdb353a5f12312"
  name = "github.com/uwedeportivo/torrentzip"
  packages = [
    ".",
    "czip",
    "zlib",
  ]
  pruneopts = "UT"
  revision = "e6e2a6a16702c87153b493f79c72751254b952e2"

[[projects]]
  branch = "master"
  digest = "1:d6eb74ab0724315b0197fefd4010de15fbc4da0900a1a6f95c9354c1662036f7"
  name = "golang.org/x/net"
  packages = [
    "context",
    "websocket",
  ]
  pruneopts = "UT"
  revision = "b3c676e531a6dc479fa1b35ac961c13f5e2b4d2e"

[solve-meta]
  analyzer-name = "dep"
  analyzer-version = 1
  input-imports = [
    "github.com/codahale/hdrhistogram",
    "github.com/dustin/go-humanize",
    "github.com/golang/glog",
    "github.com/gonuts/flag",
    "github.com/gorilla/rpc/v2",
    "github.com/gorilla/rpc/v2/json2",
    "github.com/jmhodges/levigo",
    "github.com/klauspost/compress/gzip",
    "github.com/klauspost/crc32",
    "github.com/scalingdata/gcfg",
    "github.com/spacemonkeygo/errors",
    "github.com/uwedeportivo/commander",
    "github.com/uwedeportivo/lzmadec",
    "github.com/uwedeportivo/torrentzip",
    "github.com/uwedeportivo/torrentzip/czip",
    "golang.org/x/net/websocket",
  ]
  solver-name = "gps-cdcl"
  solver-version = 1
