# This file is autogenerated, do not edit; changes may be undone by the next 'dep ensure'.


[[projects]]
  branch = "master"
  name = "github.com/codahale/hdrhistogram"
  packages = ["."]
  revision = "3a0bb77429bd3a61596f5e8a3172445844342120"

[[projects]]
  branch = "master"
  name = "github.com/dustin/go-humanize"
  packages = ["."]
  revision = "bb3d318650d48840a39aa21a027c6630e198e626"

[[projects]]
  branch = "master"
  name = "github.com/golang/glog"
  packages = ["."]
  revision = "23def4e6c14b4da8ac2ed8007337bc5eb5007998"

[[projects]]
  branch = "master"
  name = "github.com/gonuts/flag"
  packages = ["."]
  revision = "741a6cbd37a30dedc93f817e7de6aaf0ca38a493"

[[projects]]
  name = "github.com/gorilla/rpc"
  packages = [
    "v2",
    "v2/json2"
  ]
  revision = "22c016f3df3febe0c1f6727598b6389507e03a18"
  version = "v1.1.0"

[[projects]]
  branch = "master"
  name = "github.com/jmhodges/levigo"
  packages = ["."]
  revision = "c42d9e0ca023e2198120196f842701bb4c55d7b9"

[[projects]]
  name = "github.com/klauspost/compress"
  packages = [
    "flate",
    "gzip"
  ]
  revision = "6c8db69c4b49dd4df1fff66996cf556176d0b9bf"
  version = "v1.2.1"

[[projects]]
  name = "github.com/klauspost/cpuid"
  packages = ["."]
  revision = "ae7887de9fa5d2db4eaa8174a7eff2c1ac00f2da"
  version = "v1.1"

[[projects]]
  name = "github.com/klauspost/crc32"
  packages = ["."]
  revision = "cb6bfca970f6908083f26f39a79009d608efd5cd"
  version = "v1.1"

[[projects]]
  branch = "master"
  name = "github.com/scalingdata/gcfg"
  packages = [
    ".",
    "scanner",
    "token",
    "types"
  ]
  revision = "37aabad69cfd3d20b8390d902a8b10e245c615ff"

[[projects]]
  branch = "master"
  name = "github.com/spacemonkeygo/errors"
  packages = ["."]
  revision = "9064522e9fd1cda39b0ea2484105af3c66410fb3"

[[projects]]
  branch = "master"
  name = "github.com/uwedeportivo/commander"
  packages = ["."]
  revision = "864bf82b82b3cffe430e06051f58b943d7dd6fb9"

[[projects]]
  branch = "master"
  name = "github.com/uwedeportivo/lzmadec"
  packages = ["."]
  revision = "4bc815c0eeb9f603d66541e3ffcd15daa56253cf"

[[projects]]
  branch = "master"
  name = "github.com/uwedeportivo/torrentzip"
  packages = [
    ".",
    "czip",
    "zlib"
  ]
  revision = "e6e2a6a16702c87153b493f79c72751254b952e2"

[[projects]]
  branch = "master"
  name = "golang.org/x/net"
  packages = [
    "context",
    "websocket"
  ]
  revision = "b3c676e531a6dc479fa1b35ac961c13f5e2b4d2e"

[solve-meta]
  analyzer-name = "dep"
  analyzer-version = 1
  inputs-digest = "f52248117f62552747d9f607caaec2d90af8ee16b91252e6341875177a35302a"
  solver-name = "gps-cdcl"
  solver-version = 1
